
Microsoft Visual Studio Solution File, Format Version 12.00
# Visual Studio Version 17
VisualStudioVersion = 17.7.34031.279
MinimumVisualStudioVersion = 10.0.40219.1
Project("{FAE04EC0-301F-11D3-BF4B-00C04F79EFBC}") = "RealEstate_Dapper_Api", "RealEstate_Dapper_Api.csproj", "{A3DAF27D-D73C-48FF-910F-812A84561950}"
EndProject
Project("{FAE04EC0-301F-11D3-BF4B-00C04F79EFBC}") = "Realestate_Dapper_UI", "..\Realestate_Dapper_UI\Realestate_Dapper_UI.csproj", "{C7EB4E49-358D-4C44-A3EC-A86425886208}"
EndProject
Global
	GlobalSection(SolutionConfigurationPlatforms) = preSolution
		Debug|Any CPU = Debug|Any CPU
		Release|Any CPU = Release|Any CPU
	EndGlobalSection
	GlobalSection(ProjectConfigurationPlatforms) = postSolution
		{A3DAF27D-D73C-48FF-910F-812A84561950}.Debug|Any CPU.ActiveCfg = Debug|Any CPU
		{A3DAF27D-D73C-48FF-910F-812A84561950}.Debug|Any CPU.Build.0 = Debug|Any CPU
		{A3DAF27D-D73C-48FF-910F-812A84561950}.Release|Any CPU.ActiveCfg = Release|Any CPU
		{A3DAF27D-D73C-48FF-910F-812A84561950}.Release|Any CPU.Build.0 = Release|Any CPU
		{C7EB4E49-358D-4C44-A3EC-A86425886208}.Debug|Any CPU.ActiveCfg = Debug|Any CPU
		{C7EB4E49-358D-4C44-A3EC-A86425886208}.Debug|Any CPU.Build.0 = Debug|Any CPU
		{C7EB4E49-358D-4C44-A3EC-A86425886208}.Release|Any CPU.ActiveCfg = Release|Any CPU
		{C7EB4E49-358D-4C44-A3EC-A86425886208}.Release|Any CPU.Build.0 = Release|Any CPU
	EndGlobalSection
	GlobalSection(SolutionProperties) = preSolution
		HideSolutionNode = FALSE
	EndGlobalSection
	GlobalSection(ExtensibilityGlobals) = postSolution
		SolutionGuid = {70D3DE55-1CC2-45B5-82D2-098B907D5C6F}
	EndGlobalSection
EndGlobal
